
Microsoft Visual Studio Solution File, Format Version 12.00
# Visual Studio Version 17
VisualStudioVersion = 17.2.32616.157
MinimumVisualStudioVersion = 10.0.40219.1
Project("{9A19103F-16F7-4668-BE54-9A1E7A4F7556}") = "DateTimeTypes", "DateTimeTypes\DateTimeTypes.csproj", "{FB0BBB8C-CC85-48FB-A40E-94E9C85F3337}"
EndProject
Project("{9A19103F-16F7-4668-BE54-9A1E7A4F7556}") = "Tests", "Tests\Tests.csproj", "{E1A723CA-D19D-42BC-BE18-FDC74B8320C4}"
EndProject
Project("{9A19103F-16F7-4668-BE54-9A1E7A4F7556}") = "Strings", "Strings\Strings.csproj", "{06ABF72D-D210-4EAD-9F8A-488D8D91698F}"
EndProject
Project("{9A19103F-16F7-4668-BE54-9A1E7A4F7556}") = "QuickSort", "QuickSort\QuickSort.csproj", "{F628814C-23B4-4072-ADEC-BAF6B565AD83}"
EndProject
Project("{9A19103F-16F7-4668-BE54-9A1E7A4F7556}") = "Graph", "Graph\Graph.csproj", "{218772E3-FFA7-4CBD-9DE6-39D64F6F1239}"
EndProject
Project("{9A19103F-16F7-4668-BE54-9A1E7A4F7556}") = "Iterator", "Iterator\Iterator.csproj", "{049C7DD8-C8A8-41D4-9D40-4A5567531AF9}"
EndProject
Project("{9A19103F-16F7-4668-BE54-9A1E7A4F7556}") = "Trees", "Trees\Trees.csproj", "{73E7EB31-86C3-491B-B0DE-8DB7B654783F}"
EndProject
Project("{9A19103F-16F7-4668-BE54-9A1E7A4F7556}") = "DP", "DP\DP.csproj", "{B9C303F4-D31E-413B-B188-0D4E299A88C1}"
EndProject
Project("{9A19103F-16F7-4668-BE54-9A1E7A4F7556}") = "Sorting", "Sorting\Sorting.csproj", "{8EE464E7-18D1-4640-8CF5-CF711B20E225}"
EndProject
Project("{FAE04EC0-301F-11D3-BF4B-00C04F79EFBC}") = "OOADHW8_Problem1", "OOADHW8\OOADHW8_Problem1.csproj", "{E9D1514B-E95A-4E1C-9945-3D3BC4D0044B}"
EndProject
Project("{9A19103F-16F7-4668-BE54-9A1E7A4F7556}") = "OOADHW8_Problem2", "OOADHW8_Problem2\OOADHW8_Problem2.csproj", "{CD74A1D7-EA13-4C0C-B0E8-EFAF5DA2BE34}"
EndProject
Project("{9A19103F-16F7-4668-BE54-9A1E7A4F7556}") = "OOAD_HW9", "OOAD_HW9\OOAD_HW9.csproj", "{A81D0F50-2CD5-4937-82D9-21672CA74831}"
EndProject
Project("{9A19103F-16F7-4668-BE54-9A1E7A4F7556}") = "AlgoSMProblem", "AlgoSMProblem\AlgoSMProblem.csproj", "{AFF80F36-97B1-4942-AB01-8409D377EEE3}"
EndProject
Project("{9A19103F-16F7-4668-BE54-9A1E7A4F7556}") = "KMPStringMatching", "KMPStringMatching\KMPStringMatching.csproj", "{67047C1C-4F32-4594-AD44-E8E630E01799}"
EndProject
Project("{9A19103F-16F7-4668-BE54-9A1E7A4F7556}") = "OOADHW10", "OOADHW10\OOADHW10.csproj", "{B8DA092C-AD72-4824-89E1-07C02DEE0E61}"
EndProject
Project("{9A19103F-16F7-4668-BE54-9A1E7A4F7556}") = "OOADHW11", "OOADHW11\OOADHW11.csproj", "{8FAD4970-EA76-4829-8BE2-3FFC4CE92A0D}"
EndProject
Project("{FAE04EC0-301F-11D3-BF4B-00C04F79EFBC}") = "NPHard", "NPHard\NPHard.csproj", "{1A291EE0-CB35-431D-B2C6-6B7AA13E36BF}"
EndProject
Global
	GlobalSection(SolutionConfigurationPlatforms) = preSolution
		Debug|Any CPU = Debug|Any CPU
		Release|Any CPU = Release|Any CPU
	EndGlobalSection
	GlobalSection(ProjectConfigurationPlatforms) = postSolution
		{FB0BBB8C-CC85-48FB-A40E-94E9C85F3337}.Debug|Any CPU.ActiveCfg = Debug|Any CPU
		{FB0BBB8C-CC85-48FB-A40E-94E9C85F3337}.Debug|Any CPU.Build.0 = Debug|Any CPU
		{FB0BBB8C-CC85-48FB-A40E-94E9C85F3337}.Release|Any CPU.ActiveCfg = Release|Any CPU
		{FB0BBB8C-CC85-48FB-A40E-94E9C85F3337}.Release|Any CPU.Build.0 = Release|Any CPU
		{E1A723CA-D19D-42BC-BE18-FDC74B8320C4}.Debug|Any CPU.ActiveCfg = Debug|Any CPU
		{E1A723CA-D19D-42BC-BE18-FDC74B8320C4}.Debug|Any CPU.Build.0 = Debug|Any CPU
		{E1A723CA-D19D-42BC-BE18-FDC74B8320C4}.Release|Any CPU.ActiveCfg = Release|Any CPU
		{E1A723CA-D19D-42BC-BE18-FDC74B8320C4}.Release|Any CPU.Build.0 = Release|Any CPU
		{06ABF72D-D210-4EAD-9F8A-488D8D91698F}.Debug|Any CPU.ActiveCfg = Debug|Any CPU
		{06ABF72D-D210-4EAD-9F8A-488D8D91698F}.Debug|Any CPU.Build.0 = Debug|Any CPU
		{06ABF72D-D210-4EAD-9F8A-488D8D91698F}.Release|Any CPU.ActiveCfg = Release|Any CPU
		{06ABF72D-D210-4EAD-9F8A-488D8D91698F}.Release|Any CPU.Build.0 = Release|Any CPU
		{F628814C-23B4-4072-ADEC-BAF6B565AD83}.Debug|Any CPU.ActiveCfg = Debug|Any CPU
		{F628814C-23B4-4072-ADEC-BAF6B565AD83}.Debug|Any CPU.Build.0 = Debug|Any CPU
		{F628814C-23B4-4072-ADEC-BAF6B565AD83}.Release|Any CPU.ActiveCfg = Release|Any CPU
		{F628814C-23B4-4072-ADEC-BAF6B565AD83}.Release|Any CPU.Build.0 = Release|Any CPU
		{218772E3-FFA7-4CBD-9DE6-39D64F6F1239}.Debug|Any CPU.ActiveCfg = Debug|Any CPU
		{218772E3-FFA7-4CBD-9DE6-39D64F6F1239}.Debug|Any CPU.Build.0 = Debug|Any CPU
		{218772E3-FFA7-4CBD-9DE6-39D64F6F1239}.Release|Any CPU.ActiveCfg = Release|Any CPU
		{218772E3-FFA7-4CBD-9DE6-39D64F6F1239}.Release|Any CPU.Build.0 = Release|Any CPU
		{049C7DD8-C8A8-41D4-9D40-4A5567531AF9}.Debug|Any CPU.ActiveCfg = Debug|Any CPU
		{049C7DD8-C8A8-41D4-9D40-4A5567531AF9}.Debug|Any CPU.Build.0 = Debug|Any CPU
		{049C7DD8-C8A8-41D4-9D40-4A5567531AF9}.Release|Any CPU.ActiveCfg = Release|Any CPU
		{049C7DD8-C8A8-41D4-9D40-4A5567531AF9}.Release|Any CPU.Build.0 = Release|Any CPU
		{73E7EB31-86C3-491B-B0DE-8DB7B654783F}.Debug|Any CPU.ActiveCfg = Debug|Any CPU
		{73E7EB31-86C3-491B-B0DE-8DB7B654783F}.Debug|Any CPU.Build.0 = Debug|Any CPU
		{73E7EB31-86C3-491B-B0DE-8DB7B654783F}.Release|Any CPU.ActiveCfg = Release|Any CPU
		{73E7EB31-86C3-491B-B0DE-8DB7B654783F}.Release|Any CPU.Build.0 = Release|Any CPU
		{B9C303F4-D31E-413B-B188-0D4E299A88C1}.Debug|Any CPU.ActiveCfg = Debug|Any CPU
		{B9C303F4-D31E-413B-B188-0D4E299A88C1}.Debug|Any CPU.Build.0 = Debug|Any CPU
		{B9C303F4-D31E-413B-B188-0D4E299A88C1}.Release|Any CPU.ActiveCfg = Release|Any CPU
		{B9C303F4-D31E-413B-B188-0D4E299A88C1}.Release|Any CPU.Build.0 = Release|Any CPU
		{8EE464E7-18D1-4640-8CF5-CF711B20E225}.Debug|Any CPU.ActiveCfg = Debug|Any CPU
		{8EE464E7-18D1-4640-8CF5-CF711B20E225}.Debug|Any CPU.Build.0 = Debug|Any CPU
		{8EE464E7-18D1-4640-8CF5-CF711B20E225}.Release|Any CPU.ActiveCfg = Release|Any CPU
		{8EE464E7-18D1-4640-8CF5-CF711B20E225}.Release|Any CPU.Build.0 = Release|Any CPU
		{E9D1514B-E95A-4E1C-9945-3D3BC4D0044B}.Debug|Any CPU.ActiveCfg = Debug|Any CPU
		{E9D1514B-E95A-4E1C-9945-3D3BC4D0044B}.Debug|Any CPU.Build.0 = Debug|Any CPU
		{E9D1514B-E95A-4E1C-9945-3D3BC4D0044B}.Release|Any CPU.ActiveCfg = Release|Any CPU
		{E9D1514B-E95A-4E1C-9945-3D3BC4D0044B}.Release|Any CPU.Build.0 = Release|Any CPU
		{CD74A1D7-EA13-4C0C-B0E8-EFAF5DA2BE34}.Debug|Any CPU.ActiveCfg = Debug|Any CPU
		{CD74A1D7-EA13-4C0C-B0E8-EFAF5DA2BE34}.Debug|Any CPU.Build.0 = Debug|Any CPU
		{CD74A1D7-EA13-4C0C-B0E8-EFAF5DA2BE34}.Release|Any CPU.ActiveCfg = Release|Any CPU
		{CD74A1D7-EA13-4C0C-B0E8-EFAF5DA2BE34}.Release|Any CPU.Build.0 = Release|Any CPU
		{A81D0F50-2CD5-4937-82D9-21672CA74831}.Debug|Any CPU.ActiveCfg = Debug|Any CPU
		{A81D0F50-2CD5-4937-82D9-21672CA74831}.Debug|Any CPU.Build.0 = Debug|Any CPU
		{A81D0F50-2CD5-4937-82D9-21672CA74831}.Release|Any CPU.ActiveCfg = Release|Any CPU
		{A81D0F50-2CD5-4937-82D9-21672CA74831}.Release|Any CPU.Build.0 = Release|Any CPU
		{AFF80F36-97B1-4942-AB01-8409D377EEE3}.Debug|Any CPU.ActiveCfg = Debug|Any CPU
		{AFF80F36-97B1-4942-AB01-8409D377EEE3}.Debug|Any CPU.Build.0 = Debug|Any CPU
		{AFF80F36-97B1-4942-AB01-8409D377EEE3}.Release|Any CPU.ActiveCfg = Release|Any CPU
		{AFF80F36-97B1-4942-AB01-8409D377EEE3}.Release|Any CPU.Build.0 = Release|Any CPU
		{67047C1C-4F32-4594-AD44-E8E630E01799}.Debug|Any CPU.ActiveCfg = Debug|Any CPU
		{67047C1C-4F32-4594-AD44-E8E630E01799}.Debug|Any CPU.Build.0 = Debug|Any CPU
		{67047C1C-4F32-4594-AD44-E8E630E01799}.Release|Any CPU.ActiveCfg = Release|Any CPU
		{67047C1C-4F32-4594-AD44-E8E630E01799}.Release|Any CPU.Build.0 = Release|Any CPU
		{B8DA092C-AD72-4824-89E1-07C02DEE0E61}.Debug|Any CPU.ActiveCfg = Debug|Any CPU
		{B8DA092C-AD72-4824-89E1-07C02DEE0E61}.Debug|Any CPU.Build.0 = Debug|Any CPU
		{B8DA092C-AD72-4824-89E1-07C02DEE0E61}.Release|Any CPU.ActiveCfg = Release|Any CPU
		{B8DA092C-AD72-4824-89E1-07C02DEE0E61}.Release|Any CPU.Build.0 = Release|Any CPU
		{8FAD4970-EA76-4829-8BE2-3FFC4CE92A0D}.Debug|Any CPU.ActiveCfg = Debug|Any CPU
		{8FAD4970-EA76-4829-8BE2-3FFC4CE92A0D}.Debug|Any CPU.Build.0 = Debug|Any CPU
		{8FAD4970-EA76-4829-8BE2-3FFC4CE92A0D}.Release|Any CPU.ActiveCfg = Release|Any CPU
		{8FAD4970-EA76-4829-8BE2-3FFC4CE92A0D}.Release|Any CPU.Build.0 = Release|Any CPU
		{1A291EE0-CB35-431D-B2C6-6B7AA13E36BF}.Debug|Any CPU.ActiveCfg = Debug|Any CPU
		{1A291EE0-CB35-431D-B2C6-6B7AA13E36BF}.Debug|Any CPU.Build.0 = Debug|Any CPU
		{1A291EE0-CB35-431D-B2C6-6B7AA13E36BF}.Release|Any CPU.ActiveCfg = Release|Any CPU
		{1A291EE0-CB35-431D-B2C6-6B7AA13E36BF}.Release|Any CPU.Build.0 = Release|Any CPU
	EndGlobalSection
	GlobalSection(SolutionProperties) = preSolution
		HideSolutionNode = FALSE
	EndGlobalSection
	GlobalSection(ExtensibilityGlobals) = postSolution
		SolutionGuid = {0F2BF377-A549-4D99-B72B-4701BDE71240}
	EndGlobalSection
EndGlobal
